
Microsoft Visual Studio Solution File, Format Version 12.00
# Visual Studio Version 17
VisualStudioVersion = 17.5.33516.290
MinimumVisualStudioVersion = 10.0.40219.1
Project("{FAE04EC0-301F-11D3-BF4B-00C04F79EFBC}") = "ProGitForProgrammers", "ProGitForProgrammers.csproj", "{F1D68D28-71A1-4A80-A867-3D7EE762318E}"
EndProject
Global
	GlobalSection(SolutionConfigurationPlatforms) = preSolution
		Debug|Any CPU = Debug|Any CPU
		Release|Any CPU = Release|Any CPU
	EndGlobalSection
	GlobalSection(ProjectConfigurationPlatforms) = postSolution
		{F1D68D28-71A1-4A80-A867-3D7EE762318E}.Debug|Any CPU.ActiveCfg = Debug|Any CPU
		{F1D68D28-71A1-4A80-A867-3D7EE762318E}.Debug|Any CPU.Build.0 = Debug|Any CPU
		{F1D68D28-71A1-4A80-A867-3D7EE762318E}.Release|Any CPU.ActiveCfg = Release|Any CPU
		{F1D68D28-71A1-4A80-A867-3D7EE762318E}.Release|Any CPU.Build.0 = Release|Any CPU
	EndGlobalSection
	GlobalSection(SolutionProperties) = preSolution
		HideSolutionNode = FALSE
	EndGlobalSection
	GlobalSection(ExtensibilityGlobals) = postSolution
		SolutionGuid = {94DCCC7C-0D43-41DE-9E9B-85875451CF5B}
	EndGlobalSection
EndGlobal
